
Microsoft Visual Studio Solution File, Format Version 12.00
# Visual Studio Version 17
VisualStudioVersion = 17.1.32328.378
MinimumVisualStudioVersion = 10.0.40219.1
Project("{9A19103F-16F7-4668-BE54-9A1E7A4F7556}") = "MathExample", "MathExample\MathExample.csproj", "{90437D06-5FB3-4769-A468-972F591ED05B}"
EndProject
Project("{FAE04EC0-301F-11D3-BF4B-00C04F79EFBC}") = "InterpreterPattern", "BaseExample\InterpreterPattern.csproj", "{D2983A84-A836-4CEF-A4B6-A0ED90D58023}"
EndProject
Global
	GlobalSection(SolutionConfigurationPlatforms) = preSolution
		Debug|Any CPU = Debug|Any CPU
		Debug|x86 = Debug|x86
		Release|Any CPU = Release|Any CPU
		Release|x86 = Release|x86
	EndGlobalSection
	GlobalSection(ProjectConfigurationPlatforms) = postSolution
		{90437D06-5FB3-4769-A468-972F591ED05B}.Debug|Any CPU.ActiveCfg = Debug|Any CPU
		{90437D06-5FB3-4769-A468-972F591ED05B}.Debug|Any CPU.Build.0 = Debug|Any CPU
		{90437D06-5FB3-4769-A468-972F591ED05B}.Debug|x86.ActiveCfg = Debug|Any CPU
		{90437D06-5FB3-4769-A468-972F591ED05B}.Debug|x86.Build.0 = Debug|Any CPU
		{90437D06-5FB3-4769-A468-972F591ED05B}.Release|Any CPU.ActiveCfg = Release|Any CPU
		{90437D06-5FB3-4769-A468-972F591ED05B}.Release|Any CPU.Build.0 = Release|Any CPU
		{90437D06-5FB3-4769-A468-972F591ED05B}.Release|x86.ActiveCfg = Release|Any CPU
		{90437D06-5FB3-4769-A468-972F591ED05B}.Release|x86.Build.0 = Release|Any CPU
		{D2983A84-A836-4CEF-A4B6-A0ED90D58023}.Debug|Any CPU.ActiveCfg = Debug|x86
		{D2983A84-A836-4CEF-A4B6-A0ED90D58023}.Debug|Any CPU.Build.0 = Debug|x86
		{D2983A84-A836-4CEF-A4B6-A0ED90D58023}.Debug|x86.ActiveCfg = Debug|x86
		{D2983A84-A836-4CEF-A4B6-A0ED90D58023}.Debug|x86.Build.0 = Debug|x86
		{D2983A84-A836-4CEF-A4B6-A0ED90D58023}.Release|Any CPU.ActiveCfg = Release|x86
		{D2983A84-A836-4CEF-A4B6-A0ED90D58023}.Release|Any CPU.Build.0 = Release|x86
		{D2983A84-A836-4CEF-A4B6-A0ED90D58023}.Release|x86.ActiveCfg = Release|x86
		{D2983A84-A836-4CEF-A4B6-A0ED90D58023}.Release|x86.Build.0 = Release|x86
	EndGlobalSection
	GlobalSection(SolutionProperties) = preSolution
		HideSolutionNode = FALSE
	EndGlobalSection
	GlobalSection(ExtensibilityGlobals) = postSolution
		SolutionGuid = {5312359F-37D4-49AE-89A9-36856957054C}
	EndGlobalSection
EndGlobal
